
Microsoft Visual Studio Solution File, Format Version 12.00
# Visual Studio 15
VisualStudioVersion = 15.0.27703.2026
MinimumVisualStudioVersion = 10.0.40219.1
Project("{FAE04EC0-301F-11D3-BF4B-00C04F79EFBC}") = "LibFTest", "LibFTest\LibFTest.csproj", "{8DA90834-ADAE-480F-ACC4-81CAB9C3F5F6}"
EndProject
Project("{FAE04EC0-301F-11D3-BF4B-00C04F79EFBC}") = "Tests", "Tests\Tests.csproj", "{36902B2A-BD75-4D69-9801-2B8B7D3AD720}"
EndProject
Global
	GlobalSection(SolutionConfigurationPlatforms) = preSolution
		Debug|Any CPU = Debug|Any CPU
		Release|Any CPU = Release|Any CPU
	EndGlobalSection
	GlobalSection(ProjectConfigurationPlatforms) = postSolution
		{8DA90834-ADAE-480F-ACC4-81CAB9C3F5F6}.Debug|Any CPU.ActiveCfg = Debug|Any CPU
		{8DA90834-ADAE-480F-ACC4-81CAB9C3F5F6}.Debug|Any CPU.Build.0 = Debug|Any CPU
		{8DA90834-ADAE-480F-ACC4-81CAB9C3F5F6}.Release|Any CPU.ActiveCfg = Release|Any CPU
		{8DA90834-ADAE-480F-ACC4-81CAB9C3F5F6}.Release|Any CPU.Build.0 = Release|Any CPU
		{36902B2A-BD75-4D69-9801-2B8B7D3AD720}.Debug|Any CPU.ActiveCfg = Debug|Any CPU
		{36902B2A-BD75-4D69-9801-2B8B7D3AD720}.Debug|Any CPU.Build.0 = Debug|Any CPU
		{36902B2A-BD75-4D69-9801-2B8B7D3AD720}.Release|Any CPU.ActiveCfg = Release|Any CPU
		{36902B2A-BD75-4D69-9801-2B8B7D3AD720}.Release|Any CPU.Build.0 = Release|Any CPU
	EndGlobalSection
	GlobalSection(SolutionProperties) = preSolution
		HideSolutionNode = FALSE
	EndGlobalSection
	GlobalSection(ExtensibilityGlobals) = postSolution
		SolutionGuid = {8BAD6877-A431-448B-B406-9D78B79DD2E3}
	EndGlobalSection
EndGlobal
